// !$*UTF8*$!
{
	archiveVersion = 1;
	classes = {
	};
	objectVersion = 45;
	objects = {

/* Begin PBXAggregateTarget section */
		3A919A2F10658585002D0F4B /* Distribution */ = {
			isa = PBXAggregateTarget;
			buildConfigurationList = 3A919A46106585A1002D0F4B /* Build configuration list for PBXAggregateTarget "Distribution" */;
			buildPhases = (
				3A919A4410658592002D0F4B /* ShellScript */,
			);
			dependencies = (
				3A919A52106586A9002D0F4B /* PBXTargetDependency */,
			);
			name = Distribution;
			productName = Distribution;
		};
/* End PBXAggregateTarget section */

/* Begin PBXBuildFile section */
		14F5B9CA15AD484400368031 /* .gitignore in Resources */ = {isa = PBXBuildFile; fileRef = 14F5B9C215AD484400368031 /* .gitignore */; };
		14F5B9CB15AD484400368031 /* README.md in Resources */ = {isa = PBXBuildFile; fileRef = 14F5B9C315AD484400368031 /* README.md */; };
		14F5B9CC15AD484400368031 /* SCEvent.m in Sources */ = {isa = PBXBuildFile; fileRef = 14F5B9C615AD484400368031 /* SCEvent.m */; };
		14F5B9CD15AD484400368031 /* SCEvents.m in Sources */ = {isa = PBXBuildFile; fileRef = 14F5B9C915AD484400368031 /* SCEvents.m */; };
		3A1504AE10618DDF00263983 /* DPAppDelegate.m in Sources */ = {isa = PBXBuildFile; fileRef = 3A1504AD10618DDF00263983 /* DPAppDelegate.m */; };
		3A199BA810BAF1E300E1F99C /* status-item-paused.png in Resources */ = {isa = PBXBuildFile; fileRef = 3A199BA710BAF1E300E1F99C /* status-item-paused.png */; };
		3A199BC910BAF3FF00E1F99C /* status-item-selected-paused.png in Resources */ = {isa = PBXBuildFile; fileRef = 3A199BC810BAF3FF00E1F99C /* status-item-selected-paused.png */; };
		3A1C74FE10BB0F4500BC6030 /* PFMoveApplication.m in Sources */ = {isa = PBXBuildFile; fileRef = 3A1C74FD10BB0F4500BC6030 /* PFMoveApplication.m */; };
		3A1C750F10BB0F8400BC6030 /* MoveApplication.strings in Resources */ = {isa = PBXBuildFile; fileRef = 3A1C750410BB0F8400BC6030 /* MoveApplication.strings */; };
		3A1C751010BB0F8400BC6030 /* MoveApplication.strings in Resources */ = {isa = PBXBuildFile; fileRef = 3A1C750710BB0F8400BC6030 /* MoveApplication.strings */; };
		3A1C751110BB0F8400BC6030 /* MoveApplication.strings in Resources */ = {isa = PBXBuildFile; fileRef = 3A1C750A10BB0F8400BC6030 /* MoveApplication.strings */; };
		3A1C751210BB0F8400BC6030 /* MoveApplication.strings in Resources */ = {isa = PBXBuildFile; fileRef = 3A1C750D10BB0F8400BC6030 /* MoveApplication.strings */; };
		3A1C752510BB0FF500BC6030 /* Security.framework in Frameworks */ = {isa = PBXBuildFile; fileRef = 3A1C752410BB0FF500BC6030 /* Security.framework */; };
		3A1C755010BB135D00BC6030 /* NSImage+HUAdditions.m in Sources */ = {isa = PBXBuildFile; fileRef = 3A1C754F10BB135D00BC6030 /* NSImage+HUAdditions.m */; };
		3A1C755310BB143500BC6030 /* NSBitmapImageRep+HUAdditions.m in Sources */ = {isa = PBXBuildFile; fileRef = 3A1C755210BB143500BC6030 /* NSBitmapImageRep+HUAdditions.m */; };
		3A4B48A710B755040054DF06 /* status-item-error.png in Resources */ = {isa = PBXBuildFile; fileRef = 3A4B48A510B755040054DF06 /* status-item-error.png */; };
		3A4B48A810B755040054DF06 /* status-item-ok.png in Resources */ = {isa = PBXBuildFile; fileRef = 3A4B48A610B755040054DF06 /* status-item-ok.png */; };
		3A5DB2781062C89000B5F45F /* MainMenu.xib in Resources */ = {isa = PBXBuildFile; fileRef = 3A5DB2771062C89000B5F45F /* MainMenu.xib */; };
		3A90678910FE9417009B6B2F /* Quartz.framework in Frameworks */ = {isa = PBXBuildFile; fileRef = 3A90678810FE9417009B6B2F /* Quartz.framework */; };
		3A90685910FE9D29009B6B2F /* DPPreprocessingWindowController.m in Sources */ = {isa = PBXBuildFile; fileRef = 3A90685810FE9D29009B6B2F /* DPPreprocessingWindowController.m */; };
		3A91962A1063D08A002D0F4B /* icon.icns in Resources */ = {isa = PBXBuildFile; fileRef = 3A9196291063D08A002D0F4B /* icon.icns */; };
		3A9197CF1065303A002D0F4B /* NSWindow+DPAdditions.m in Sources */ = {isa = PBXBuildFile; fileRef = 3A9197CE1065303A002D0F4B /* NSWindow+DPAdditions.m */; };
		3A91991E1065620D002D0F4B /* NSError+DPAdditions.m in Sources */ = {isa = PBXBuildFile; fileRef = 3A91991D1065620D002D0F4B /* NSError+DPAdditions.m */; };
		3A91998910657080002D0F4B /* NSTask+DPAdditions.m in Sources */ = {isa = PBXBuildFile; fileRef = 3A91998810657080002D0F4B /* NSTask+DPAdditions.m */; };
		3A919A0410657FF0002D0F4B /* NSString+DPAdditions.m in Sources */ = {isa = PBXBuildFile; fileRef = 3A919A0310657FF0002D0F4B /* NSString+DPAdditions.m */; };
		3A919A57106586E4002D0F4B /* Sparkle.framework in Frameworks */ = {isa = PBXBuildFile; fileRef = 3A919A56106586E4002D0F4B /* Sparkle.framework */; };
		3A919A621065874D002D0F4B /* Sparkle.framework in Copy Frameworks */ = {isa = PBXBuildFile; fileRef = 3A919A56106586E4002D0F4B /* Sparkle.framework */; };
		3A919A8C106590CC002D0F4B /* dsa_pub.pem in Resources */ = {isa = PBXBuildFile; fileRef = 3A919A8B106590CC002D0F4B /* dsa_pub.pem */; };
		3A919AA3106599EE002D0F4B /* SSYLoginItems.m in Sources */ = {isa = PBXBuildFile; fileRef = 3A919AA1106599EE002D0F4B /* SSYLoginItems.m */; };
		3A9D2A5E1061B083008923FD /* status-item-standby.png in Resources */ = {isa = PBXBuildFile; fileRef = 3A9D2A5B1061B083008923FD /* status-item-standby.png */; };
		3A9D2A5F1061B083008923FD /* status-item-sending.png in Resources */ = {isa = PBXBuildFile; fileRef = 3A9D2A5C1061B083008923FD /* status-item-sending.png */; };
		3A9D2A601061B083008923FD /* status-item-selected.png in Resources */ = {isa = PBXBuildFile; fileRef = 3A9D2A5D1061B083008923FD /* status-item-selected.png */; };
		3ABE5EAF10B588700085BAC3 /* HTTPPOSTOperation.m in Sources */ = {isa = PBXBuildFile; fileRef = 3ABE5EAE10B588700085BAC3 /* HTTPPOSTOperation.m */; };
		3ADC9B3210FF537F00EDEE39 /* DPCheckerView.m in Sources */ = {isa = PBXBuildFile; fileRef = 3ADC9B3110FF537F00EDEE39 /* DPCheckerView.m */; };
		3ADC9B4310FF54A300EDEE39 /* checker.png in Resources */ = {isa = PBXBuildFile; fileRef = 3ADC9B4210FF54A300EDEE39 /* checker.png */; };
		3ADC9BB510FF8EDB00EDEE39 /* zoom-actual.png in Resources */ = {isa = PBXBuildFile; fileRef = 3ADC9BB410FF8EDB00EDEE39 /* zoom-actual.png */; };
		3ADC9BB710FF8F4600EDEE39 /* zoom-to-fit.png in Resources */ = {isa = PBXBuildFile; fileRef = 3ADC9BB610FF8F4600EDEE39 /* zoom-to-fit.png */; };
		3ADC9BC010FF926200EDEE39 /* crop.png in Resources */ = {isa = PBXBuildFile; fileRef = 3ADC9BBF10FF926200EDEE39 /* crop.png */; };
		3ADC9C5D10FFC04000EDEE39 /* move.png in Resources */ = {isa = PBXBuildFile; fileRef = 3ADC9C5C10FFC04000EDEE39 /* move.png */; };
		3ADC9C6710FFC42200EDEE39 /* rect.png in Resources */ = {isa = PBXBuildFile; fileRef = 3ADC9C6610FFC42200EDEE39 /* rect.png */; };
		3ADC9E7110FFF35F00EDEE39 /* BottomTB_ellipse.png in Resources */ = {isa = PBXBuildFile; fileRef = 3ADC9E6C10FFF35F00EDEE39 /* BottomTB_ellipse.png */; };
		3ADC9E7210FFF35F00EDEE39 /* BottomTB_fonts.png in Resources */ = {isa = PBXBuildFile; fileRef = 3ADC9E6D10FFF35F00EDEE39 /* BottomTB_fonts.png */; };
		3ADC9E7310FFF35F00EDEE39 /* BottomTB_freeText.png in Resources */ = {isa = PBXBuildFile; fileRef = 3ADC9E6E10FFF35F00EDEE39 /* BottomTB_freeText.png */; };
		3ADC9E7410FFF35F00EDEE39 /* BottomTB_line.png in Resources */ = {isa = PBXBuildFile; fileRef = 3ADC9E6F10FFF35F00EDEE39 /* BottomTB_line.png */; };
		3ADC9E7510FFF35F00EDEE39 /* BottomTB_rectangle.png in Resources */ = {isa = PBXBuildFile; fileRef = 3ADC9E7010FFF35F00EDEE39 /* BottomTB_rectangle.png */; };
		3ADC9EB310FFFE2D00EDEE39 /* BottomTB_inspector.png in Resources */ = {isa = PBXBuildFile; fileRef = 3ADC9EB210FFFE2D00EDEE39 /* BottomTB_inspector.png */; };
		3ADC9F1B1100AC9300EDEE39 /* DPAttachedWindow.m in Sources */ = {isa = PBXBuildFile; fileRef = 3ADC9F1A1100AC9300EDEE39 /* DPAttachedWindow.m */; };
		3AE55FE010BC95A4006A7F94 /* zutil.h in Headers */ = {isa = PBXBuildFile; fileRef = 3AE55FB310BC95A4006A7F94 /* zutil.h */; };
		3AE55FE110BC95A4006A7F94 /* zutil.c in Sources */ = {isa = PBXBuildFile; fileRef = 3AE55FB410BC95A4006A7F94 /* zutil.c */; };
		3AE55FE210BC95A4006A7F94 /* zlibdefs.h in Headers */ = {isa = PBXBuildFile; fileRef = 3AE55FB510BC95A4006A7F94 /* zlibdefs.h */; };
		3AE55FE310BC95A4006A7F94 /* zlib.h in Headers */ = {isa = PBXBuildFile; fileRef = 3AE55FB610BC95A4006A7F94 /* zlib.h */; };
		3AE55FE410BC95A4006A7F94 /* zconf.in.h in Headers */ = {isa = PBXBuildFile; fileRef = 3AE55FB710BC95A4006A7F94 /* zconf.in.h */; };
		3AE55FE510BC95A4006A7F94 /* zconf.h in Headers */ = {isa = PBXBuildFile; fileRef = 3AE55FB810BC95A4006A7F94 /* zconf.h */; };
		3AE55FE610BC95A4006A7F94 /* uncompr.c in Sources */ = {isa = PBXBuildFile; fileRef = 3AE55FB910BC95A4006A7F94 /* uncompr.c */; };
		3AE55FE710BC95A4006A7F94 /* trees.h in Headers */ = {isa = PBXBuildFile; fileRef = 3AE55FBA10BC95A4006A7F94 /* trees.h */; };
		3AE55FE810BC95A4006A7F94 /* trees.c in Sources */ = {isa = PBXBuildFile; fileRef = 3AE55FBB10BC95A4006A7F94 /* trees.c */; };
		3AE55FE910BC95A4006A7F94 /* pngwutil.c in Sources */ = {isa = PBXBuildFile; fileRef = 3AE55FBC10BC95A4006A7F94 /* pngwutil.c */; };
		3AE55FEA10BC95A4006A7F94 /* pngwtran.c in Sources */ = {isa = PBXBuildFile; fileRef = 3AE55FBD10BC95A4006A7F94 /* pngwtran.c */; };
		3AE55FEB10BC95A4006A7F94 /* pngwrite.c in Sources */ = {isa = PBXBuildFile; fileRef = 3AE55FBE10BC95A4006A7F94 /* pngwrite.c */; };
		3AE55FEC10BC95A4006A7F94 /* pngwio.c in Sources */ = {isa = PBXBuildFile; fileRef = 3AE55FBF10BC95A4006A7F94 /* pngwio.c */; };
		3AE55FED10BC95A4006A7F94 /* pngtrans.c in Sources */ = {isa = PBXBuildFile; fileRef = 3AE55FC010BC95A4006A7F94 /* pngtrans.c */; };
		3AE55FEE10BC95A4006A7F94 /* pngtest.c in Sources */ = {isa = PBXBuildFile; fileRef = 3AE55FC110BC95A4006A7F94 /* pngtest.c */; };
		3AE55FEF10BC95A4006A7F94 /* pngset.c in Sources */ = {isa = PBXBuildFile; fileRef = 3AE55FC210BC95A4006A7F94 /* pngset.c */; };
		3AE55FF010BC95A4006A7F94 /* pngrutil.c in Sources */ = {isa = PBXBuildFile; fileRef = 3AE55FC310BC95A4006A7F94 /* pngrutil.c */; };
		3AE55FF110BC95A4006A7F94 /* pngrtran.c in Sources */ = {isa = PBXBuildFile; fileRef = 3AE55FC410BC95A4006A7F94 /* pngrtran.c */; };
		3AE55FF210BC95A4006A7F94 /* pngrio.c in Sources */ = {isa = PBXBuildFile; fileRef = 3AE55FC510BC95A4006A7F94 /* pngrio.c */; };
		3AE55FF310BC95A4006A7F94 /* pngread.c in Sources */ = {isa = PBXBuildFile; fileRef = 3AE55FC610BC95A4006A7F94 /* pngread.c */; };
		3AE55FF410BC95A4006A7F94 /* pngpread.c in Sources */ = {isa = PBXBuildFile; fileRef = 3AE55FC710BC95A4006A7F94 /* pngpread.c */; };
		3AE55FF510BC95A4006A7F94 /* pngmem.c in Sources */ = {isa = PBXBuildFile; fileRef = 3AE55FC810BC95A4006A7F94 /* pngmem.c */; };
		3AE55FF610BC95A4006A7F94 /* pngget.c in Sources */ = {isa = PBXBuildFile; fileRef = 3AE55FC910BC95A4006A7F94 /* pngget.c */; };
		3AE55FF710BC95A4006A7F94 /* pngerror.c in Sources */ = {isa = PBXBuildFile; fileRef = 3AE55FCA10BC95A4006A7F94 /* pngerror.c */; };
		3AE55FF810BC95A4006A7F94 /* pngcrush.h in Headers */ = {isa = PBXBuildFile; fileRef = 3AE55FCB10BC95A4006A7F94 /* pngcrush.h */; };
		3AE55FFA10BC95A4006A7F94 /* pngconf.h in Headers */ = {isa = PBXBuildFile; fileRef = 3AE55FCD10BC95A4006A7F94 /* pngconf.h */; };
		3AE55FFB10BC95A4006A7F94 /* png.h in Headers */ = {isa = PBXBuildFile; fileRef = 3AE55FCE10BC95A4006A7F94 /* png.h */; };
		3AE55FFC10BC95A4006A7F94 /* png.c in Sources */ = {isa = PBXBuildFile; fileRef = 3AE55FCF10BC95A4006A7F94 /* png.c */; };
		3AE55FFD10BC95A4006A7F94 /* inftrees.h in Headers */ = {isa = PBXBuildFile; fileRef = 3AE55FD010BC95A4006A7F94 /* inftrees.h */; };
		3AE55FFE10BC95A4006A7F94 /* inftrees.c in Sources */ = {isa = PBXBuildFile; fileRef = 3AE55FD110BC95A4006A7F94 /* inftrees.c */; };
		3AE55FFF10BC95A4006A7F94 /* inflate.h in Headers */ = {isa = PBXBuildFile; fileRef = 3AE55FD210BC95A4006A7F94 /* inflate.h */; };
		3AE5600010BC95A4006A7F94 /* inflate.c in Sources */ = {isa = PBXBuildFile; fileRef = 3AE55FD310BC95A4006A7F94 /* inflate.c */; };
		3AE5600110BC95A4006A7F94 /* inffixed.h in Headers */ = {isa = PBXBuildFile; fileRef = 3AE55FD410BC95A4006A7F94 /* inffixed.h */; };
		3AE5600210BC95A4006A7F94 /* inffast.h in Headers */ = {isa = PBXBuildFile; fileRef = 3AE55FD510BC95A4006A7F94 /* inffast.h */; };
		3AE5600310BC95A4006A7F94 /* inffast.c in Sources */ = {isa = PBXBuildFile; fileRef = 3AE55FD610BC95A4006A7F94 /* inffast.c */; };
		3AE5600410BC95A4006A7F94 /* infback.c in Sources */ = {isa = PBXBuildFile; fileRef = 3AE55FD710BC95A4006A7F94 /* infback.c */; };
		3AE5600510BC95A4006A7F94 /* gzio.c in Sources */ = {isa = PBXBuildFile; fileRef = 3AE55FD810BC95A4006A7F94 /* gzio.c */; };
		3AE5600610BC95A4006A7F94 /* deflate.h in Headers */ = {isa = PBXBuildFile; fileRef = 3AE55FD910BC95A4006A7F94 /* deflate.h */; };
		3AE5600710BC95A4006A7F94 /* deflate.c in Sources */ = {isa = PBXBuildFile; fileRef = 3AE55FDA10BC95A4006A7F94 /* deflate.c */; };
		3AE5600810BC95A4006A7F94 /* crc32.h in Headers */ = {isa = PBXBuildFile; fileRef = 3AE55FDB10BC95A4006A7F94 /* crc32.h */; };
		3AE5600910BC95A4006A7F94 /* crc32.c in Sources */ = {isa = PBXBuildFile; fileRef = 3AE55FDC10BC95A4006A7F94 /* crc32.c */; };
		3AE5600A10BC95A4006A7F94 /* compress.c in Sources */ = {isa = PBXBuildFile; fileRef = 3AE55FDD10BC95A4006A7F94 /* compress.c */; };
		3AE5600B10BC95A4006A7F94 /* cexcept.h in Headers */ = {isa = PBXBuildFile; fileRef = 3AE55FDE10BC95A4006A7F94 /* cexcept.h */; };
		3AE5600C10BC95A4006A7F94 /* adler32.c in Sources */ = {isa = PBXBuildFile; fileRef = 3AE55FDF10BC95A4006A7F94 /* adler32.c */; };
		3AE5602610BC97BA006A7F94 /* pngcrush-generated.c in Sources */ = {isa = PBXBuildFile; fileRef = 3AE5602510BC97BA006A7F94 /* pngcrush-generated.c */; };
		3AE5605310BC9D02006A7F94 /* libpngcrush.a in Frameworks */ = {isa = PBXBuildFile; fileRef = 3AE55FAB10BC9581006A7F94 /* libpngcrush.a */; };
		3AE5627110BCB36B006A7F94 /* ASLLogger.m in Sources */ = {isa = PBXBuildFile; fileRef = 3AE5627010BCB36B006A7F94 /* ASLLogger.m */; };
		3AE5633D10BCCB21006A7F94 /* toolbar-processing.png in Resources */ = {isa = PBXBuildFile; fileRef = 3AE5633C10BCCB21006A7F94 /* toolbar-processing.png */; };
		3AF2B0C810FE90610052B40E /* MAAttachedWindow.m in Sources */ = {isa = PBXBuildFile; fileRef = 3AF2B0C710FE90610052B40E /* MAAttachedWindow.m */; };
		8D11072D0486CEB800E47090 /* main.m in Sources */ = {isa = PBXBuildFile; fileRef = 29B97316FDCFA39411CA2CEA /* main.m */; settings = {ATTRIBUTES = (); }; };
		8D11072F0486CEB800E47090 /* Cocoa.framework in Frameworks */ = {isa = PBXBuildFile; fileRef = 1058C7A1FEA54F0111CA2CBB /* Cocoa.framework */; };
/* End PBXBuildFile section */

/* Begin PBXContainerItemProxy section */
		3A919A51106586A9002D0F4B /* PBXContainerItemProxy */ = {
			isa = PBXContainerItemProxy;
			containerPortal = 29B97313FDCFA39411CA2CEA /* Project object */;
			proxyType = 1;
			remoteGlobalIDString = 8D1107260486CEB800E47090;
			remoteInfo = Dropub;
		};
		3AE5603510BC992B006A7F94 /* PBXContainerItemProxy */ = {
			isa = PBXContainerItemProxy;
			containerPortal = 29B97313FDCFA39411CA2CEA /* Project object */;
			proxyType = 1;
			remoteGlobalIDString = 3AE55FAA10BC9581006A7F94;
			remoteInfo = pngcrush;
		};
/* End PBXContainerItemProxy section */

/* Begin PBXCopyFilesBuildPhase section */
		3A919A651065874F002D0F4B /* Copy Frameworks */ = {
			isa = PBXCopyFilesBuildPhase;
			buildActionMask = 2147483647;
			dstPath = "";
			dstSubfolderSpec = 10;
			files = (
				3A919A621065874D002D0F4B /* Sparkle.framework in Copy Frameworks */,
			);
			name = "Copy Frameworks";
			runOnlyForDeploymentPostprocessing = 0;
		};
/* End PBXCopyFilesBuildPhase section */

/* Begin PBXFileReference section */
		1058C7A1FEA54F0111CA2CBB /* Cocoa.framework */ = {isa = PBXFileReference; lastKnownFileType = wrapper.framework; name = Cocoa.framework; path = /System/Library/Frameworks/Cocoa.framework; sourceTree = "<absolute>"; };
		13E42FB307B3F0F600E4EEF1 /* CoreData.framework */ = {isa = PBXFileReference; lastKnownFileType = wrapper.framework; name = CoreData.framework; path = /System/Library/Frameworks/CoreData.framework; sourceTree = "<absolute>"; };
		14F5B9C215AD484400368031 /* .gitignore */ = {isa = PBXFileReference; fileEncoding = 4; lastKnownFileType = text; path = .gitignore; sourceTree = "<group>"; };
		14F5B9C315AD484400368031 /* README.md */ = {isa = PBXFileReference; fileEncoding = 4; lastKnownFileType = text; path = README.md; sourceTree = "<group>"; };
		14F5B9C415AD484400368031 /* SCConstants.h */ = {isa = PBXFileReference; fileEncoding = 4; lastKnownFileType = sourcecode.c.h; path = SCConstants.h; sourceTree = "<group>"; };
		14F5B9C515AD484400368031 /* SCEvent.h */ = {isa = PBXFileReference; fileEncoding = 4; lastKnownFileType = sourcecode.c.h; path = SCEvent.h; sourceTree = "<group>"; };
		14F5B9C615AD484400368031 /* SCEvent.m */ = {isa = PBXFileReference; fileEncoding = 4; lastKnownFileType = sourcecode.c.objc; path = SCEvent.m; sourceTree = "<group>"; };
		14F5B9C715AD484400368031 /* SCEventListenerProtocol.h */ = {isa = PBXFileReference; fileEncoding = 4; lastKnownFileType = sourcecode.c.h; path = SCEventListenerProtocol.h; sourceTree = "<group>"; };
		14F5B9C815AD484400368031 /* SCEvents.h */ = {isa = PBXFileReference; fileEncoding = 4; lastKnownFileType = sourcecode.c.h; path = SCEvents.h; sourceTree = "<group>"; };
		14F5B9C915AD484400368031 /* SCEvents.m */ = {isa = PBXFileReference; fileEncoding = 4; lastKnownFileType = sourcecode.c.objc; path = SCEvents.m; sourceTree = "<group>"; };
		29B97316FDCFA39411CA2CEA /* main.m */ = {isa = PBXFileReference; fileEncoding = 4; lastKnownFileType = sourcecode.c.objc; name = main.m; path = src/main.m; sourceTree = "<group>"; };
		29B97324FDCFA39411CA2CEA /* AppKit.framework */ = {isa = PBXFileReference; lastKnownFileType = wrapper.framework; name = AppKit.framework; path = /System/Library/Frameworks/AppKit.framework; sourceTree = "<absolute>"; };
		29B97325FDCFA39411CA2CEA /* Foundation.framework */ = {isa = PBXFileReference; lastKnownFileType = wrapper.framework; name = Foundation.framework; path = /System/Library/Frameworks/Foundation.framework; sourceTree = "<absolute>"; };
		32CA4F630368D1EE00C91783 /* prefix.pch */ = {isa = PBXFileReference; fileEncoding = 4; lastKnownFileType = sourcecode.c.h; name = prefix.pch; path = src/prefix.pch; sourceTree = "<group>"; };
		3A1504AC10618DDF00263983 /* DPAppDelegate.h */ = {isa = PBXFileReference; fileEncoding = 4; lastKnownFileType = sourcecode.c.h; name = DPAppDelegate.h; path = src/DPAppDelegate.h; sourceTree = "<group>"; };
		3A1504AD10618DDF00263983 /* DPAppDelegate.m */ = {isa = PBXFileReference; fileEncoding = 4; lastKnownFileType = sourcecode.c.objc; name = DPAppDelegate.m; path = src/DPAppDelegate.m; sourceTree = "<group>"; };
		3A199BA710BAF1E300E1F99C /* status-item-paused.png */ = {isa = PBXFileReference; lastKnownFileType = image.png; name = "status-item-paused.png"; path = "resources/status-item-paused.png"; sourceTree = "<group>"; };
		3A199BC810BAF3FF00E1F99C /* status-item-selected-paused.png */ = {isa = PBXFileReference; lastKnownFileType = image.png; name = "status-item-selected-paused.png"; path = "resources/status-item-selected-paused.png"; sourceTree = "<group>"; };
		3A1C74FC10BB0F4500BC6030 /* PFMoveApplication.h */ = {isa = PBXFileReference; fileEncoding = 4; lastKnownFileType = sourcecode.c.h; name = PFMoveApplication.h; path = src/PFMoveApplication.h; sourceTree = "<group>"; };
		3A1C74FD10BB0F4500BC6030 /* PFMoveApplication.m */ = {isa = PBXFileReference; fileEncoding = 4; lastKnownFileType = sourcecode.c.objc; name = PFMoveApplication.m; path = src/PFMoveApplication.m; sourceTree = "<group>"; };
		3A1C750510BB0F8400BC6030 /* English */ = {isa = PBXFileReference; fileEncoding = 4; lastKnownFileType = text.plist.strings; name = English; path = MoveApplication.strings; sourceTree = "<group>"; };
		3A1C750810BB0F8400BC6030 /* French */ = {isa = PBXFileReference; fileEncoding = 4; lastKnownFileType = text.plist.strings; name = French; path = MoveApplication.strings; sourceTree = "<group>"; };
		3A1C750B10BB0F8400BC6030 /* Japanese */ = {isa = PBXFileReference; fileEncoding = 10; lastKnownFileType = text.plist.strings; name = Japanese; path = MoveApplication.strings; sourceTree = "<group>"; };
		3A1C750E10BB0F8400BC6030 /* Spanish */ = {isa = PBXFileReference; fileEncoding = 4; lastKnownFileType = text.plist.strings; name = Spanish; path = MoveApplication.strings; sourceTree = "<group>"; };
		3A1C752410BB0FF500BC6030 /* Security.framework */ = {isa = PBXFileReference; lastKnownFileType = wrapper.framework; name = Security.framework; path = /System/Library/Frameworks/Security.framework; sourceTree = "<absolute>"; };
		3A1C754E10BB135D00BC6030 /* NSImage+HUAdditions.h */ = {isa = PBXFileReference; fileEncoding = 4; lastKnownFileType = sourcecode.c.h; name = "NSImage+HUAdditions.h"; path = "src/NSImage+HUAdditions.h"; sourceTree = "<group>"; };
		3A1C754F10BB135D00BC6030 /* NSImage+HUAdditions.m */ = {isa = PBXFileReference; fileEncoding = 4; lastKnownFileType = sourcecode.c.objc; name = "NSImage+HUAdditions.m"; path = "src/NSImage+HUAdditions.m"; sourceTree = "<group>"; };
		3A1C755110BB143500BC6030 /* NSBitmapImageRep+HUAdditions.h */ = {isa = PBXFileReference; fileEncoding = 4; lastKnownFileType = sourcecode.c.h; name = "NSBitmapImageRep+HUAdditions.h"; path = "src/NSBitmapImageRep+HUAdditions.h"; sourceTree = "<group>"; };
		3A1C755210BB143500BC6030 /* NSBitmapImageRep+HUAdditions.m */ = {isa = PBXFileReference; fileEncoding = 4; lastKnownFileType = sourcecode.c.objc; name = "NSBitmapImageRep+HUAdditions.m"; path = "src/NSBitmapImageRep+HUAdditions.m"; sourceTree = "<group>"; };
		3A4B48A510B755040054DF06 /* status-item-error.png */ = {isa = PBXFileReference; lastKnownFileType = image.png; name = "status-item-error.png"; path = "resources/status-item-error.png"; sourceTree = "<group>"; };
		3A4B48A610B755040054DF06 /* status-item-ok.png */ = {isa = PBXFileReference; lastKnownFileType = image.png; name = "status-item-ok.png"; path = "resources/status-item-ok.png"; sourceTree = "<group>"; };
		3A5DB2771062C89000B5F45F /* MainMenu.xib */ = {isa = PBXFileReference; lastKnownFileType = file.xib; name = MainMenu.xib; path = resources/MainMenu.xib; sourceTree = "<group>"; };
		3A90678810FE9417009B6B2F /* Quartz.framework */ = {isa = PBXFileReference; lastKnownFileType = wrapper.framework; name = Quartz.framework; path = /System/Library/Frameworks/Quartz.framework; sourceTree = "<absolute>"; };
		3A90685710FE9D29009B6B2F /* DPPreprocessingWindowController.h */ = {isa = PBXFileReference; fileEncoding = 4; lastKnownFileType = sourcecode.c.h; name = DPPreprocessingWindowController.h; path = src/DPPreprocessingWindowController.h; sourceTree = "<group>"; };
		3A90685810FE9D29009B6B2F /* DPPreprocessingWindowController.m */ = {isa = PBXFileReference; fileEncoding = 4; lastKnownFileType = sourcecode.c.objc; name = DPPreprocessingWindowController.m; path = src/DPPreprocessingWindowController.m; sourceTree = "<group>"; };
		3A9196291063D08A002D0F4B /* icon.icns */ = {isa = PBXFileReference; lastKnownFileType = image.icns; name = icon.icns; path = resources/icon.icns; sourceTree = "<group>"; };
		3A9197CD1065303A002D0F4B /* NSWindow+DPAdditions.h */ = {isa = PBXFileReference; fileEncoding = 4; lastKnownFileType = sourcecode.c.h; name = "NSWindow+DPAdditions.h"; path = "src/NSWindow+DPAdditions.h"; sourceTree = "<group>"; };
		3A9197CE1065303A002D0F4B /* NSWindow+DPAdditions.m */ = {isa = PBXFileReference; fileEncoding = 4; lastKnownFileType = sourcecode.c.objc; name = "NSWindow+DPAdditions.m"; path = "src/NSWindow+DPAdditions.m"; sourceTree = "<group>"; };
		3A91991C1065620D002D0F4B /* NSError+DPAdditions.h */ = {isa = PBXFileReference; fileEncoding = 4; lastKnownFileType = sourcecode.c.h; name = "NSError+DPAdditions.h"; path = "src/NSError+DPAdditions.h"; sourceTree = "<group>"; };
		3A91991D1065620D002D0F4B /* NSError+DPAdditions.m */ = {isa = PBXFileReference; fileEncoding = 4; lastKnownFileType = sourcecode.c.objc; name = "NSError+DPAdditions.m"; path = "src/NSError+DPAdditions.m"; sourceTree = "<group>"; };
		3A91998710657080002D0F4B /* NSTask+DPAdditions.h */ = {isa = PBXFileReference; fileEncoding = 4; lastKnownFileType = sourcecode.c.h; name = "NSTask+DPAdditions.h"; path = "src/NSTask+DPAdditions.h"; sourceTree = "<group>"; };
		3A91998810657080002D0F4B /* NSTask+DPAdditions.m */ = {isa = PBXFileReference; fileEncoding = 4; lastKnownFileType = sourcecode.c.objc; name = "NSTask+DPAdditions.m"; path = "src/NSTask+DPAdditions.m"; sourceTree = "<group>"; };
		3A919A0210657FF0002D0F4B /* NSString+DPAdditions.h */ = {isa = PBXFileReference; fileEncoding = 4; lastKnownFileType = sourcecode.c.h; name = "NSString+DPAdditions.h"; path = "src/NSString+DPAdditions.h"; sourceTree = "<group>"; };
		3A919A0310657FF0002D0F4B /* NSString+DPAdditions.m */ = {isa = PBXFileReference; fileEncoding = 4; lastKnownFileType = sourcecode.c.objc; name = "NSString+DPAdditions.m"; path = "src/NSString+DPAdditions.m"; sourceTree = "<group>"; };
		3A919A56106586E4002D0F4B /* Sparkle.framework */ = {isa = PBXFileReference; lastKnownFileType = wrapper.framework; name = Sparkle.framework; path = frameworks/Sparkle.framework; sourceTree = "<group>"; };
		3A919A8B106590CC002D0F4B /* dsa_pub.pem */ = {isa = PBXFileReference; fileEncoding = 4; lastKnownFileType = text; name = dsa_pub.pem; path = resources/dsa_pub.pem; sourceTree = "<group>"; };
		3A919AA1106599EE002D0F4B /* SSYLoginItems.m */ = {isa = PBXFileReference; fileEncoding = 4; lastKnownFileType = sourcecode.c.objc; name = SSYLoginItems.m; path = src/SSYLoginItems.m; sourceTree = "<group>"; };
		3A919AA2106599EE002D0F4B /* SSYLoginItems.h */ = {isa = PBXFileReference; fileEncoding = 4; lastKnownFileType = sourcecode.c.h; name = SSYLoginItems.h; path = src/SSYLoginItems.h; sourceTree = "<group>"; };
		3A9D2A5B1061B083008923FD /* status-item-standby.png */ = {isa = PBXFileReference; lastKnownFileType = image.png; name = "status-item-standby.png"; path = "resources/status-item-standby.png"; sourceTree = "<group>"; };
		3A9D2A5C1061B083008923FD /* status-item-sending.png */ = {isa = PBXFileReference; lastKnownFileType = image.png; name = "status-item-sending.png"; path = "resources/status-item-sending.png"; sourceTree = "<group>"; };
		3A9D2A5D1061B083008923FD /* status-item-selected.png */ = {isa = PBXFileReference; lastKnownFileType = image.png; name = "status-item-selected.png"; path = "resources/status-item-selected.png"; sourceTree = "<group>"; };
		3ABE5EAD10B588700085BAC3 /* HTTPPOSTOperation.h */ = {isa = PBXFileReference; fileEncoding = 4; lastKnownFileType = sourcecode.c.h; name = HTTPPOSTOperation.h; path = src/HTTPPOSTOperation.h; sourceTree = "<group>"; };
		3ABE5EAE10B588700085BAC3 /* HTTPPOSTOperation.m */ = {isa = PBXFileReference; fileEncoding = 4; lastKnownFileType = sourcecode.c.objc; name = HTTPPOSTOperation.m; path = src/HTTPPOSTOperation.m; sourceTree = "<group>"; };
		3ADC9B3010FF537F00EDEE39 /* DPCheckerView.h */ = {isa = PBXFileReference; fileEncoding = 4; lastKnownFileType = sourcecode.c.h; name = DPCheckerView.h; path = src/DPCheckerView.h; sourceTree = "<group>"; };
		3ADC9B3110FF537F00EDEE39 /* DPCheckerView.m */ = {isa = PBXFileReference; fileEncoding = 4; lastKnownFileType = sourcecode.c.objc; name = DPCheckerView.m; path = src/DPCheckerView.m; sourceTree = "<group>"; };
		3ADC9B4210FF54A300EDEE39 /* checker.png */ = {isa = PBXFileReference; lastKnownFileType = image.png; name = checker.png; path = resources/checker.png; sourceTree = "<group>"; };
		3ADC9BB410FF8EDB00EDEE39 /* zoom-actual.png */ = {isa = PBXFileReference; lastKnownFileType = image.png; name = "zoom-actual.png"; path = "resources/zoom-actual.png"; sourceTree = "<group>"; };
		3ADC9BB610FF8F4600EDEE39 /* zoom-to-fit.png */ = {isa = PBXFileReference; lastKnownFileType = image.png; name = "zoom-to-fit.png"; path = "resources/zoom-to-fit.png"; sourceTree = "<group>"; };
		3ADC9BBF10FF926200EDEE39 /* crop.png */ = {isa = PBXFileReference; lastKnownFileType = image.png; name = crop.png; path = resources/crop.png; sourceTree = "<group>"; };
		3ADC9C5C10FFC04000EDEE39 /* move.png */ = {isa = PBXFileReference; lastKnownFileType = image.png; name = move.png; path = resources/move.png; sourceTree = "<group>"; };
		3ADC9C6610FFC42200EDEE39 /* rect.png */ = {isa = PBXFileReference; lastKnownFileType = image.png; name = rect.png; path = resources/rect.png; sourceTree = "<group>"; };
		3ADC9E6C10FFF35F00EDEE39 /* BottomTB_ellipse.png */ = {isa = PBXFileReference; lastKnownFileType = image.png; name = BottomTB_ellipse.png; path = resources/BottomTB_ellipse.png; sourceTree = "<group>"; };
		3ADC9E6D10FFF35F00EDEE39 /* BottomTB_fonts.png */ = {isa = PBXFileReference; lastKnownFileType = image.png; name = BottomTB_fonts.png; path = resources/BottomTB_fonts.png; sourceTree = "<group>"; };
		3ADC9E6E10FFF35F00EDEE39 /* BottomTB_freeText.png */ = {isa = PBXFileReference; lastKnownFileType = image.png; name = BottomTB_freeText.png; path = resources/BottomTB_freeText.png; sourceTree = "<group>"; };
		3ADC9E6F10FFF35F00EDEE39 /* BottomTB_line.png */ = {isa = PBXFileReference; lastKnownFileType = image.png; name = BottomTB_line.png; path = resources/BottomTB_line.png; sourceTree = "<group>"; };
		3ADC9E7010FFF35F00EDEE39 /* BottomTB_rectangle.png */ = {isa = PBXFileReference; lastKnownFileType = image.png; name = BottomTB_rectangle.png; path = resources/BottomTB_rectangle.png; sourceTree = "<group>"; };
		3ADC9EB210FFFE2D00EDEE39 /* BottomTB_inspector.png */ = {isa = PBXFileReference; lastKnownFileType = image.png; name = BottomTB_inspector.png; path = resources/BottomTB_inspector.png; sourceTree = "<group>"; };
		3ADC9F191100AC9300EDEE39 /* DPAttachedWindow.h */ = {isa = PBXFileReference; fileEncoding = 4; lastKnownFileType = sourcecode.c.h; name = DPAttachedWindow.h; path = src/DPAttachedWindow.h; sourceTree = "<group>"; };
		3ADC9F1A1100AC9300EDEE39 /* DPAttachedWindow.m */ = {isa = PBXFileReference; fileEncoding = 4; lastKnownFileType = sourcecode.c.objc; name = DPAttachedWindow.m; path = src/DPAttachedWindow.m; sourceTree = "<group>"; };
		3AE55FAB10BC9581006A7F94 /* libpngcrush.a */ = {isa = PBXFileReference; explicitFileType = archive.ar; includeInIndex = 0; path = libpngcrush.a; sourceTree = BUILT_PRODUCTS_DIR; };
		3AE55FB310BC95A4006A7F94 /* zutil.h */ = {isa = PBXFileReference; fileEncoding = 4; lastKnownFileType = sourcecode.c.h; name = zutil.h; path = pngcrush/zutil.h; sourceTree = "<group>"; };
		3AE55FB410BC95A4006A7F94 /* zutil.c */ = {isa = PBXFileReference; fileEncoding = 4; lastKnownFileType = sourcecode.c.c; name = zutil.c; path = pngcrush/zutil.c; sourceTree = "<group>"; };
		3AE55FB510BC95A4006A7F94 /* zlibdefs.h */ = {isa = PBXFileReference; fileEncoding = 4; lastKnownFileType = sourcecode.c.h; name = zlibdefs.h; path = pngcrush/zlibdefs.h; sourceTree = "<group>"; };
		3AE55FB610BC95A4006A7F94 /* zlib.h */ = {isa = PBXFileReference; fileEncoding = 4; lastKnownFileType = sourcecode.c.h; name = zlib.h; path = pngcrush/zlib.h; sourceTree = "<group>"; };
		3AE55FB710BC95A4006A7F94 /* zconf.in.h */ = {isa = PBXFileReference; fileEncoding = 4; lastKnownFileType = sourcecode.c.h; name = zconf.in.h; path = pngcrush/zconf.in.h; sourceTree = "<group>"; };
		3AE55FB810BC95A4006A7F94 /* zconf.h */ = {isa = PBXFileReference; fileEncoding = 4; lastKnownFileType = sourcecode.c.h; name = zconf.h; path = pngcrush/zconf.h; sourceTree = "<group>"; };
		3AE55FB910BC95A4006A7F94 /* uncompr.c */ = {isa = PBXFileReference; fileEncoding = 4; lastKnownFileType = sourcecode.c.c; name = uncompr.c; path = pngcrush/uncompr.c; sourceTree = "<group>"; };
		3AE55FBA10BC95A4006A7F94 /* trees.h */ = {isa = PBXFileReference; fileEncoding = 4; lastKnownFileType = sourcecode.c.h; name = trees.h; path = pngcrush/trees.h; sourceTree = "<group>"; };
		3AE55FBB10BC95A4006A7F94 /* trees.c */ = {isa = PBXFileReference; fileEncoding = 4; lastKnownFileType = sourcecode.c.c; name = trees.c; path = pngcrush/trees.c; sourceTree = "<group>"; };
		3AE55FBC10BC95A4006A7F94 /* pngwutil.c */ = {isa = PBXFileReference; fileEncoding = 4; lastKnownFileType = sourcecode.c.c; name = pngwutil.c; path = pngcrush/pngwutil.c; sourceTree = "<group>"; };
		3AE55FBD10BC95A4006A7F94 /* pngwtran.c */ = {isa = PBXFileReference; fileEncoding = 4; lastKnownFileType = sourcecode.c.c; name = pngwtran.c; path = pngcrush/pngwtran.c; sourceTree = "<group>"; };
		3AE55FBE10BC95A4006A7F94 /* pngwrite.c */ = {isa = PBXFileReference; fileEncoding = 4; lastKnownFileType = sourcecode.c.c; name = pngwrite.c; path = pngcrush/pngwrite.c; sourceTree = "<group>"; };
		3AE55FBF10BC95A4006A7F94 /* pngwio.c */ = {isa = PBXFileReference; fileEncoding = 4; lastKnownFileType = sourcecode.c.c; name = pngwio.c; path = pngcrush/pngwio.c; sourceTree = "<group>"; };
		3AE55FC010BC95A4006A7F94 /* pngtrans.c */ = {isa = PBXFileReference; fileEncoding = 4; lastKnownFileType = sourcecode.c.c; name = pngtrans.c; path = pngcrush/pngtrans.c; sourceTree = "<group>"; };
		3AE55FC110BC95A4006A7F94 /* pngtest.c */ = {isa = PBXFileReference; fileEncoding = 4; lastKnownFileType = sourcecode.c.c; name = pngtest.c; path = pngcrush/pngtest.c; sourceTree = "<group>"; };
		3AE55FC210BC95A4006A7F94 /* pngset.c */ = {isa = PBXFileReference; fileEncoding = 4; lastKnownFileType = sourcecode.c.c; name = pngset.c; path = pngcrush/pngset.c; sourceTree = "<group>"; };
		3AE55FC310BC95A4006A7F94 /* pngrutil.c */ = {isa = PBXFileReference; fileEncoding = 4; lastKnownFileType = sourcecode.c.c; name = pngrutil.c; path = pngcrush/pngrutil.c; sourceTree = "<group>"; };
		3AE55FC410BC95A4006A7F94 /* pngrtran.c */ = {isa = PBXFileReference; fileEncoding = 4; lastKnownFileType = sourcecode.c.c; name = pngrtran.c; path = pngcrush/pngrtran.c; sourceTree = "<group>"; };
		3AE55FC510BC95A4006A7F94 /* pngrio.c */ = {isa = PBXFileReference; fileEncoding = 4; lastKnownFileType = sourcecode.c.c; name = pngrio.c; path = pngcrush/pngrio.c; sourceTree = "<group>"; };
		3AE55FC610BC95A4006A7F94 /* pngread.c */ = {isa = PBXFileReference; fileEncoding = 4; lastKnownFileType = sourcecode.c.c; name = pngread.c; path = pngcrush/pngread.c; sourceTree = "<group>"; };
		3AE55FC710BC95A4006A7F94 /* pngpread.c */ = {isa = PBXFileReference; fileEncoding = 4; lastKnownFileType = sourcecode.c.c; name = pngpread.c; path = pngcrush/pngpread.c; sourceTree = "<group>"; };
		3AE55FC810BC95A4006A7F94 /* pngmem.c */ = {isa = PBXFileReference; fileEncoding = 4; lastKnownFileType = sourcecode.c.c; name = pngmem.c; path = pngcrush/pngmem.c; sourceTree = "<group>"; };
		3AE55FC910BC95A4006A7F94 /* pngget.c */ = {isa = PBXFileReference; fileEncoding = 4; lastKnownFileType = sourcecode.c.c; name = pngget.c; path = pngcrush/pngget.c; sourceTree = "<group>"; };
		3AE55FCA10BC95A4006A7F94 /* pngerror.c */ = {isa = PBXFileReference; fileEncoding = 4; lastKnownFileType = sourcecode.c.c; name = pngerror.c; path = pngcrush/pngerror.c; sourceTree = "<group>"; };
		3AE55FCB10BC95A4006A7F94 /* pngcrush.h */ = {isa = PBXFileReference; fileEncoding = 4; lastKnownFileType = sourcecode.c.h; name = pngcrush.h; path = pngcrush/pngcrush.h; sourceTree = "<group>"; };
		3AE55FCD10BC95A4006A7F94 /* pngconf.h */ = {isa = PBXFileReference; fileEncoding = 4; lastKnownFileType = sourcecode.c.h; name = pngconf.h; path = pngcrush/pngconf.h; sourceTree = "<group>"; };
		3AE55FCE10BC95A4006A7F94 /* png.h */ = {isa = PBXFileReference; fileEncoding = 4; lastKnownFileType = sourcecode.c.h; name = png.h; path = pngcrush/png.h; sourceTree = "<group>"; };
		3AE55FCF10BC95A4006A7F94 /* png.c */ = {isa = PBXFileReference; fileEncoding = 4; lastKnownFileType = sourcecode.c.c; name = png.c; path = pngcrush/png.c; sourceTree = "<group>"; };
		3AE55FD010BC95A4006A7F94 /* inftrees.h */ = {isa = PBXFileReference; fileEncoding = 4; lastKnownFileType = sourcecode.c.h; name = inftrees.h; path = pngcrush/inftrees.h; sourceTree = "<group>"; };
		3AE55FD110BC95A4006A7F94 /* inftrees.c */ = {isa = PBXFileReference; fileEncoding = 4; lastKnownFileType = sourcecode.c.c; name = inftrees.c; path = pngcrush/inftrees.c; sourceTree = "<group>"; };
		3AE55FD210BC95A4006A7F94 /* inflate.h */ = {isa = PBXFileReference; fileEncoding = 4; lastKnownFileType = sourcecode.c.h; name = inflate.h; path = pngcrush/inflate.h; sourceTree = "<group>"; };
		3AE55FD310BC95A4006A7F94 /* inflate.c */ = {isa = PBXFileReference; fileEncoding = 4; lastKnownFileType = sourcecode.c.c; name = inflate.c; path = pngcrush/inflate.c; sourceTree = "<group>"; };
		3AE55FD410BC95A4006A7F94 /* inffixed.h */ = {isa = PBXFileReference; fileEncoding = 4; lastKnownFileType = sourcecode.c.h; name = inffixed.h; path = pngcrush/inffixed.h; sourceTree = "<group>"; };
		3AE55FD510BC95A4006A7F94 /* inffast.h */ = {isa = PBXFileReference; fileEncoding = 4; lastKnownFileType = sourcecode.c.h; name = inffast.h; path = pngcrush/inffast.h; sourceTree = "<group>"; };
		3AE55FD610BC95A4006A7F94 /* inffast.c */ = {isa = PBXFileReference; fileEncoding = 4; lastKnownFileType = sourcecode.c.c; name = inffast.c; path = pngcrush/inffast.c; sourceTree = "<group>"; };
		3AE55FD710BC95A4006A7F94 /* infback.c */ = {isa = PBXFileReference; fileEncoding = 4; lastKnownFileType = sourcecode.c.c; name = infback.c; path = pngcrush/infback.c; sourceTree = "<group>"; };
		3AE55FD810BC95A4006A7F94 /* gzio.c */ = {isa = PBXFileReference; fileEncoding = 4; lastKnownFileType = sourcecode.c.c; name = gzio.c; path = pngcrush/gzio.c; sourceTree = "<group>"; };
		3AE55FD910BC95A4006A7F94 /* deflate.h */ = {isa = PBXFileReference; fileEncoding = 4; lastKnownFileType = sourcecode.c.h; name = deflate.h; path = pngcrush/deflate.h; sourceTree = "<group>"; };
		3AE55FDA10BC95A4006A7F94 /* deflate.c */ = {isa = PBXFileReference; fileEncoding = 4; lastKnownFileType = sourcecode.c.c; name = deflate.c; path = pngcrush/deflate.c; sourceTree = "<group>"; };
		3AE55FDB10BC95A4006A7F94 /* crc32.h */ = {isa = PBXFileReference; fileEncoding = 4; lastKnownFileType = sourcecode.c.h; name = crc32.h; path = pngcrush/crc32.h; sourceTree = "<group>"; };
		3AE55FDC10BC95A4006A7F94 /* crc32.c */ = {isa = PBXFileReference; fileEncoding = 4; lastKnownFileType = sourcecode.c.c; name = crc32.c; path = pngcrush/crc32.c; sourceTree = "<group>"; };
		3AE55FDD10BC95A4006A7F94 /* compress.c */ = {isa = PBXFileReference; fileEncoding = 4; lastKnownFileType = sourcecode.c.c; name = compress.c; path = pngcrush/compress.c; sourceTree = "<group>"; };
		3AE55FDE10BC95A4006A7F94 /* cexcept.h */ = {isa = PBXFileReference; fileEncoding = 4; lastKnownFileType = sourcecode.c.h; name = cexcept.h; path = pngcrush/cexcept.h; sourceTree = "<group>"; };
		3AE55FDF10BC95A4006A7F94 /* adler32.c */ = {isa = PBXFileReference; fileEncoding = 4; lastKnownFileType = sourcecode.c.c; name = adler32.c; path = pngcrush/adler32.c; sourceTree = "<group>"; };
		3AE5602510BC97BA006A7F94 /* pngcrush-generated.c */ = {isa = PBXFileReference; fileEncoding = 4; lastKnownFileType = sourcecode.c.c; name = "pngcrush-generated.c"; path = "src/pngcrush-generated.c"; sourceTree = "<group>"; };
		3AE5626F10BCB36B006A7F94 /* ASLLogger.h */ = {isa = PBXFileReference; fileEncoding = 4; lastKnownFileType = sourcecode.c.h; name = ASLLogger.h; path = src/ASLLogger.h; sourceTree = "<group>"; };
		3AE5627010BCB36B006A7F94 /* ASLLogger.m */ = {isa = PBXFileReference; fileEncoding = 4; lastKnownFileType = sourcecode.c.objc; name = ASLLogger.m; path = src/ASLLogger.m; sourceTree = "<group>"; };
		3AE5633C10BCCB21006A7F94 /* toolbar-processing.png */ = {isa = PBXFileReference; lastKnownFileType = image.png; name = "toolbar-processing.png"; path = "resources/toolbar-processing.png"; sourceTree = "<group>"; };
		3AF2B0C610FE90610052B40E /* MAAttachedWindow.h */ = {isa = PBXFileReference; fileEncoding = 4; lastKnownFileType = sourcecode.c.h; name = MAAttachedWindow.h; path = src/MAAttachedWindow.h; sourceTree = "<group>"; };
		3AF2B0C710FE90610052B40E /* MAAttachedWindow.m */ = {isa = PBXFileReference; fileEncoding = 4; lastKnownFileType = sourcecode.c.objc; name = MAAttachedWindow.m; path = src/MAAttachedWindow.m; sourceTree = "<group>"; };
		8D1107310486CEB800E47090 /* Info.plist */ = {isa = PBXFileReference; explicitFileType = text.xml; fileEncoding = 4; name = Info.plist; path = resources/Info.plist; sourceTree = "<group>"; };
		8D1107320486CEB800E47090 /* Scrup.app */ = {isa = PBXFileReference; explicitFileType = wrapper.application; includeInIndex = 0; path = Scrup.app; sourceTree = BUILT_PRODUCTS_DIR; };
/* End PBXFileReference section */

/* Begin PBXFrameworksBuildPhase section */
		3AE55FA910BC9581006A7F94 /* Frameworks */ = {
			isa = PBXFrameworksBuildPhase;
			buildActionMask = 2147483647;
			files = (
			);
			runOnlyForDeploymentPostprocessing = 0;
		};
		8D11072E0486CEB800E47090 /* Frameworks */ = {
			isa = PBXFrameworksBuildPhase;
			buildActionMask = 2147483647;
			files = (
				3AE5605310BC9D02006A7F94 /* libpngcrush.a in Frameworks */,
				8D11072F0486CEB800E47090 /* Cocoa.framework in Frameworks */,
				3A919A57106586E4002D0F4B /* Sparkle.framework in Frameworks */,
				3A1C752510BB0FF500BC6030 /* Security.framework in Frameworks */,
				3A90678910FE9417009B6B2F /* Quartz.framework in Frameworks */,
			);
			runOnlyForDeploymentPostprocessing = 0;
		};
/* End PBXFrameworksBuildPhase section */

/* Begin PBXGroup section */
		1058C7A0FEA54F0111CA2CBB /* Linked Frameworks */ = {
			isa = PBXGroup;
			children = (
				3A90678810FE9417009B6B2F /* Quartz.framework */,
				3A919A56106586E4002D0F4B /* Sparkle.framework */,
				1058C7A1FEA54F0111CA2CBB /* Cocoa.framework */,
				3A1C752410BB0FF500BC6030 /* Security.framework */,
			);
			name = "Linked Frameworks";
			sourceTree = "<group>";
		};
		1058C7A2FEA54F0111CA2CBB /* Other Frameworks */ = {
			isa = PBXGroup;
			children = (
				29B97324FDCFA39411CA2CEA /* AppKit.framework */,
				13E42FB307B3F0F600E4EEF1 /* CoreData.framework */,
				29B97325FDCFA39411CA2CEA /* Foundation.framework */,
			);
			name = "Other Frameworks";
			sourceTree = "<group>";
		};
		14F5B9C115AD484400368031 /* SCEvents */ = {
			isa = PBXGroup;
			children = (
				14F5B9C215AD484400368031 /* .gitignore */,
				14F5B9C315AD484400368031 /* README.md */,
				14F5B9C415AD484400368031 /* SCConstants.h */,
				14F5B9C515AD484400368031 /* SCEvent.h */,
				14F5B9C615AD484400368031 /* SCEvent.m */,
				14F5B9C715AD484400368031 /* SCEventListenerProtocol.h */,
				14F5B9C815AD484400368031 /* SCEvents.h */,
				14F5B9C915AD484400368031 /* SCEvents.m */,
			);
			path = SCEvents;
			sourceTree = "<group>";
		};
		19C28FACFE9D520D11CA2CBB /* Products */ = {
			isa = PBXGroup;
			children = (
				8D1107320486CEB800E47090 /* Scrup.app */,
				3AE55FAB10BC9581006A7F94 /* libpngcrush.a */,
			);
			name = Products;
			sourceTree = "<group>";
		};
		29B97314FDCFA39411CA2CEA /* Dropub */ = {
			isa = PBXGroup;
			children = (
				29B97315FDCFA39411CA2CEA /* src */,
				29B97317FDCFA39411CA2CEA /* resources */,
				29B97323FDCFA39411CA2CEA /* Frameworks */,
				19C28FACFE9D520D11CA2CBB /* Products */,
			);
			name = Dropub;
			sourceTree = "<group>";
		};
		29B97315FDCFA39411CA2CEA /* src */ = {
			isa = PBXGroup;
			children = (
				32CA4F630368D1EE00C91783 /* prefix.pch */,
				29B97316FDCFA39411CA2CEA /* main.m */,
				3AE5626F10BCB36B006A7F94 /* ASLLogger.h */,
				3AE5627010BCB36B006A7F94 /* ASLLogger.m */,
				3A1504AC10618DDF00263983 /* DPAppDelegate.h */,
				3A1504AD10618DDF00263983 /* DPAppDelegate.m */,
				3A90685710FE9D29009B6B2F /* DPPreprocessingWindowController.h */,
				3A90685810FE9D29009B6B2F /* DPPreprocessingWindowController.m */,
				3ADC9B3010FF537F00EDEE39 /* DPCheckerView.h */,
				3ADC9B3110FF537F00EDEE39 /* DPCheckerView.m */,
				3ADC9F191100AC9300EDEE39 /* DPAttachedWindow.h */,
				3ADC9F1A1100AC9300EDEE39 /* DPAttachedWindow.m */,
				3ABE5EAD10B588700085BAC3 /* HTTPPOSTOperation.h */,
				3ABE5EAE10B588700085BAC3 /* HTTPPOSTOperation.m */,
				3A7AD02C10669AC600AF4940 /* mixins */,
				3A7AD03710669AF800AF4940 /* 3rd party */,
			);
			name = src;
			sourceTree = "<group>";
		};
		29B97317FDCFA39411CA2CEA /* resources */ = {
			isa = PBXGroup;
			children = (
				3A1C750410BB0F8400BC6030 /* MoveApplication.strings */,
				3A1C750710BB0F8400BC6030 /* MoveApplication.strings */,
				3A1C750A10BB0F8400BC6030 /* MoveApplication.strings */,
				3A1C750D10BB0F8400BC6030 /* MoveApplication.strings */,
				3A919A8B106590CC002D0F4B /* dsa_pub.pem */,
				3A9196291063D08A002D0F4B /* icon.icns */,
				3ADC9E6C10FFF35F00EDEE39 /* BottomTB_ellipse.png */,
				3ADC9E6D10FFF35F00EDEE39 /* BottomTB_fonts.png */,
				3ADC9E6E10FFF35F00EDEE39 /* BottomTB_freeText.png */,
				3ADC9E6F10FFF35F00EDEE39 /* BottomTB_line.png */,
				3ADC9E7010FFF35F00EDEE39 /* BottomTB_rectangle.png */,
				3ADC9EB210FFFE2D00EDEE39 /* BottomTB_inspector.png */,
				3ADC9C5C10FFC04000EDEE39 /* move.png */,
				3ADC9C6610FFC42200EDEE39 /* rect.png */,
				3ADC9B4210FF54A300EDEE39 /* checker.png */,
				3ADC9BBF10FF926200EDEE39 /* crop.png */,
				3ADC9BB410FF8EDB00EDEE39 /* zoom-actual.png */,
				3ADC9BB610FF8F4600EDEE39 /* zoom-to-fit.png */,
				3AE5633C10BCCB21006A7F94 /* toolbar-processing.png */,
				3A9D2A5B1061B083008923FD /* status-item-standby.png */,
				3A199BA710BAF1E300E1F99C /* status-item-paused.png */,
				3A9D2A5C1061B083008923FD /* status-item-sending.png */,
				3A4B48A610B755040054DF06 /* status-item-ok.png */,
				3A4B48A510B755040054DF06 /* status-item-error.png */,
				3A9D2A5D1061B083008923FD /* status-item-selected.png */,
				3A199BC810BAF3FF00E1F99C /* status-item-selected-paused.png */,
				8D1107310486CEB800E47090 /* Info.plist */,
				3A5DB2771062C89000B5F45F /* MainMenu.xib */,
			);
			name = resources;
			sourceTree = "<group>";
		};
		29B97323FDCFA39411CA2CEA /* Frameworks */ = {
			isa = PBXGroup;
			children = (
				1058C7A0FEA54F0111CA2CBB /* Linked Frameworks */,
				1058C7A2FEA54F0111CA2CBB /* Other Frameworks */,
			);
			name = Frameworks;
			sourceTree = "<group>";
		};
		3A7AD02C10669AC600AF4940 /* mixins */ = {
			isa = PBXGroup;
			children = (
				3A9197CD1065303A002D0F4B /* NSWindow+DPAdditions.h */,
				3A9197CE1065303A002D0F4B /* NSWindow+DPAdditions.m */,
				3A91991C1065620D002D0F4B /* NSError+DPAdditions.h */,
				3A91991D1065620D002D0F4B /* NSError+DPAdditions.m */,
				3A91998710657080002D0F4B /* NSTask+DPAdditions.h */,
				3A91998810657080002D0F4B /* NSTask+DPAdditions.m */,
				3A919A0210657FF0002D0F4B /* NSString+DPAdditions.h */,
				3A919A0310657FF0002D0F4B /* NSString+DPAdditions.m */,
				3A1C754E10BB135D00BC6030 /* NSImage+HUAdditions.h */,
				3A1C754F10BB135D00BC6030 /* NSImage+HUAdditions.m */,
				3A1C755110BB143500BC6030 /* NSBitmapImageRep+HUAdditions.h */,
				3A1C755210BB143500BC6030 /* NSBitmapImageRep+HUAdditions.m */,
			);
			name = mixins;
			sourceTree = "<group>";
		};
		3A7AD03710669AF800AF4940 /* 3rd party */ = {
			isa = PBXGroup;
			children = (
				14F5B9C115AD484400368031 /* SCEvents */,
				3AE55FA610BC9566006A7F94 /* pngcrush */,
				3A1C74FC10BB0F4500BC6030 /* PFMoveApplication.h */,
				3A1C74FD10BB0F4500BC6030 /* PFMoveApplication.m */,
				3A919AA2106599EE002D0F4B /* SSYLoginItems.h */,
				3A919AA1106599EE002D0F4B /* SSYLoginItems.m */,
				3AF2B0C610FE90610052B40E /* MAAttachedWindow.h */,
				3AF2B0C710FE90610052B40E /* MAAttachedWindow.m */,
			);
			name = "3rd party";
			sourceTree = "<group>";
		};
		3AE55FA610BC9566006A7F94 /* pngcrush */ = {
			isa = PBXGroup;
			children = (
				3AE5602510BC97BA006A7F94 /* pngcrush-generated.c */,
				3AE55FCB10BC95A4006A7F94 /* pngcrush.h */,
				3AE55FB310BC95A4006A7F94 /* zutil.h */,
				3AE55FB410BC95A4006A7F94 /* zutil.c */,
				3AE55FB510BC95A4006A7F94 /* zlibdefs.h */,
				3AE55FB610BC95A4006A7F94 /* zlib.h */,
				3AE55FB710BC95A4006A7F94 /* zconf.in.h */,
				3AE55FB810BC95A4006A7F94 /* zconf.h */,
				3AE55FB910BC95A4006A7F94 /* uncompr.c */,
				3AE55FBA10BC95A4006A7F94 /* trees.h */,
				3AE55FBB10BC95A4006A7F94 /* trees.c */,
				3AE55FBC10BC95A4006A7F94 /* pngwutil.c */,
				3AE55FBD10BC95A4006A7F94 /* pngwtran.c */,
				3AE55FBE10BC95A4006A7F94 /* pngwrite.c */,
				3AE55FBF10BC95A4006A7F94 /* pngwio.c */,
				3AE55FC010BC95A4006A7F94 /* pngtrans.c */,
				3AE55FC110BC95A4006A7F94 /* pngtest.c */,
				3AE55FC210BC95A4006A7F94 /* pngset.c */,
				3AE55FC310BC95A4006A7F94 /* pngrutil.c */,
				3AE55FC410BC95A4006A7F94 /* pngrtran.c */,
				3AE55FC510BC95A4006A7F94 /* pngrio.c */,
				3AE55FC610BC95A4006A7F94 /* pngread.c */,
				3AE55FC710BC95A4006A7F94 /* pngpread.c */,
				3AE55FC810BC95A4006A7F94 /* pngmem.c */,
				3AE55FC910BC95A4006A7F94 /* pngget.c */,
				3AE55FCA10BC95A4006A7F94 /* pngerror.c */,
				3AE55FCD10BC95A4006A7F94 /* pngconf.h */,
				3AE55FCE10BC95A4006A7F94 /* png.h */,
				3AE55FCF10BC95A4006A7F94 /* png.c */,
				3AE55FD010BC95A4006A7F94 /* inftrees.h */,
				3AE55FD110BC95A4006A7F94 /* inftrees.c */,
				3AE55FD210BC95A4006A7F94 /* inflate.h */,
				3AE55FD310BC95A4006A7F94 /* inflate.c */,
				3AE55FD410BC95A4006A7F94 /* inffixed.h */,
				3AE55FD510BC95A4006A7F94 /* inffast.h */,
				3AE55FD610BC95A4006A7F94 /* inffast.c */,
				3AE55FD710BC95A4006A7F94 /* infback.c */,
				3AE55FD810BC95A4006A7F94 /* gzio.c */,
				3AE55FD910BC95A4006A7F94 /* deflate.h */,
				3AE55FDA10BC95A4006A7F94 /* deflate.c */,
				3AE55FDB10BC95A4006A7F94 /* crc32.h */,
				3AE55FDC10BC95A4006A7F94 /* crc32.c */,
				3AE55FDD10BC95A4006A7F94 /* compress.c */,
				3AE55FDE10BC95A4006A7F94 /* cexcept.h */,
				3AE55FDF10BC95A4006A7F94 /* adler32.c */,
			);
			name = pngcrush;
			sourceTree = "<group>";
		};
/* End PBXGroup section */

/* Begin PBXHeadersBuildPhase section */
		3AE55FA710BC9581006A7F94 /* Headers */ = {
			isa = PBXHeadersBuildPhase;
			buildActionMask = 2147483647;
			files = (
				3AE55FE010BC95A4006A7F94 /* zutil.h in Headers */,
				3AE55FE210BC95A4006A7F94 /* zlibdefs.h in Headers */,
				3AE55FE310BC95A4006A7F94 /* zlib.h in Headers */,
				3AE55FE410BC95A4006A7F94 /* zconf.in.h in Headers */,
				3AE55FE510BC95A4006A7F94 /* zconf.h in Headers */,
				3AE55FE710BC95A4006A7F94 /* trees.h in Headers */,
				3AE55FF810BC95A4006A7F94 /* pngcrush.h in Headers */,
				3AE55FFA10BC95A4006A7F94 /* pngconf.h in Headers */,
				3AE55FFB10BC95A4006A7F94 /* png.h in Headers */,
				3AE55FFD10BC95A4006A7F94 /* inftrees.h in Headers */,
				3AE55FFF10BC95A4006A7F94 /* inflate.h in Headers */,
				3AE5600110BC95A4006A7F94 /* inffixed.h in Headers */,
				3AE5600210BC95A4006A7F94 /* inffast.h in Headers */,
				3AE5600610BC95A4006A7F94 /* deflate.h in Headers */,
				3AE5600810BC95A4006A7F94 /* crc32.h in Headers */,
				3AE5600B10BC95A4006A7F94 /* cexcept.h in Headers */,
			);
			runOnlyForDeploymentPostprocessing = 0;
		};
/* End PBXHeadersBuildPhase section */

/* Begin PBXNativeTarget section */
		3AE55FAA10BC9581006A7F94 /* pngcrush */ = {
			isa = PBXNativeTarget;
			buildConfigurationList = 3AE55FB210BC9588006A7F94 /* Build configuration list for PBXNativeTarget "pngcrush" */;
			buildPhases = (
				3AE5600E10BC9633006A7F94 /* ShellScript */,
				3AE55FA710BC9581006A7F94 /* Headers */,
				3AE55FA810BC9581006A7F94 /* Sources */,
				3AE55FA910BC9581006A7F94 /* Frameworks */,
			);
			buildRules = (
			);
			dependencies = (
			);
			name = pngcrush;
			productName = pngcrush;
			productReference = 3AE55FAB10BC9581006A7F94 /* libpngcrush.a */;
			productType = "com.apple.product-type.library.static";
		};
		8D1107260486CEB800E47090 /* Scrup */ = {
			isa = PBXNativeTarget;
			buildConfigurationList = C01FCF4A08A954540054247B /* Build configuration list for PBXNativeTarget "Scrup" */;
			buildPhases = (
				8D1107290486CEB800E47090 /* Resources */,
				8D11072C0486CEB800E47090 /* Sources */,
				8D11072E0486CEB800E47090 /* Frameworks */,
				3A919A651065874F002D0F4B /* Copy Frameworks */,
			);
			buildRules = (
			);
			dependencies = (
				3AE5603610BC992B006A7F94 /* PBXTargetDependency */,
			);
			name = Scrup;
			productInstallPath = "$(HOME)/Applications";
			productName = Dropub;
			productReference = 8D1107320486CEB800E47090 /* Scrup.app */;
			productType = "com.apple.product-type.application";
		};
/* End PBXNativeTarget section */

/* Begin PBXProject section */
		29B97313FDCFA39411CA2CEA /* Project object */ = {
			isa = PBXProject;
			buildConfigurationList = C01FCF4E08A954540054247B /* Build configuration list for PBXProject "scrup" */;
			compatibilityVersion = "Xcode 3.1";
			developmentRegion = English;
			hasScannedForEncodings = 1;
			knownRegions = (
				English,
				Japanese,
				French,
				German,
				Spanish,
			);
			mainGroup = 29B97314FDCFA39411CA2CEA /* Dropub */;
			projectDirPath = "";
			projectRoot = "";
			targets = (
				8D1107260486CEB800E47090 /* Scrup */,
				3A919A2F10658585002D0F4B /* Distribution */,
				3AE55FAA10BC9581006A7F94 /* pngcrush */,
			);
		};
/* End PBXProject section */

/* Begin PBXResourcesBuildPhase section */
		8D1107290486CEB800E47090 /* Resources */ = {
			isa = PBXResourcesBuildPhase;
			buildActionMask = 2147483647;
			files = (
				3A9D2A5E1061B083008923FD /* status-item-standby.png in Resources */,
				3A9D2A5F1061B083008923FD /* status-item-sending.png in Resources */,
				3A9D2A601061B083008923FD /* status-item-selected.png in Resources */,
				3A5DB2781062C89000B5F45F /* MainMenu.xib in Resources */,
				3A91962A1063D08A002D0F4B /* icon.icns in Resources */,
				3A919A8C106590CC002D0F4B /* dsa_pub.pem in Resources */,
				3A4B48A710B755040054DF06 /* status-item-error.png in Resources */,
				3A4B48A810B755040054DF06 /* status-item-ok.png in Resources */,
				3A199BA810BAF1E300E1F99C /* status-item-paused.png in Resources */,
				3A199BC910BAF3FF00E1F99C /* status-item-selected-paused.png in Resources */,
				3A1C750F10BB0F8400BC6030 /* MoveApplication.strings in Resources */,
				3A1C751010BB0F8400BC6030 /* MoveApplication.strings in Resources */,
				3A1C751110BB0F8400BC6030 /* MoveApplication.strings in Resources */,
				3A1C751210BB0F8400BC6030 /* MoveApplication.strings in Resources */,
				3AE5633D10BCCB21006A7F94 /* toolbar-processing.png in Resources */,
				3ADC9B4310FF54A300EDEE39 /* checker.png in Resources */,
				3ADC9BB510FF8EDB00EDEE39 /* zoom-actual.png in Resources */,
				3ADC9BB710FF8F4600EDEE39 /* zoom-to-fit.png in Resources */,
				3ADC9BC010FF926200EDEE39 /* crop.png in Resources */,
				3ADC9C5D10FFC04000EDEE39 /* move.png in Resources */,
				3ADC9C6710FFC42200EDEE39 /* rect.png in Resources */,
				3ADC9E7110FFF35F00EDEE39 /* BottomTB_ellipse.png in Resources */,
				3ADC9E7210FFF35F00EDEE39 /* BottomTB_fonts.png in Resources */,
				3ADC9E7310FFF35F00EDEE39 /* BottomTB_freeText.png in Resources */,
				3ADC9E7410FFF35F00EDEE39 /* BottomTB_line.png in Resources */,
				3ADC9E7510FFF35F00EDEE39 /* BottomTB_rectangle.png in Resources */,
				3ADC9EB310FFFE2D00EDEE39 /* BottomTB_inspector.png in Resources */,
				14F5B9CA15AD484400368031 /* .gitignore in Resources */,
				14F5B9CB15AD484400368031 /* README.md in Resources */,
			);
			runOnlyForDeploymentPostprocessing = 0;
		};
/* End PBXResourcesBuildPhase section */

/* Begin PBXShellScriptBuildPhase section */
		3A919A4410658592002D0F4B /* ShellScript */ = {
			isa = PBXShellScriptBuildPhase;
			buildActionMask = 2147483647;
			files = (
			);
			inputPaths = (
			);
			outputPaths = (
			);
			runOnlyForDeploymentPostprocessing = 0;
			shellPath = /bin/bash;
			shellScript = "/bin/bash admin/distribution.sh\nexit $?";
		};
		3AE5600E10BC9633006A7F94 /* ShellScript */ = {
			isa = PBXShellScriptBuildPhase;
			buildActionMask = 2147483647;
			files = (
			);
			inputPaths = (
				"$(SRCROOT)/pngcrush/pngcrush.c",
			);
			outputPaths = (
				"$(SRCROOT)/src/pngcrush-generated.c",
			);
			runOnlyForDeploymentPostprocessing = 0;
			shellPath = /bin/sh;
			shellScript = "sed 's/int main(/int pngcrush_main(/g' \"${SRCROOT}/pngcrush/pngcrush.c\" > \"${SRCROOT}/src/pngcrush-generated.c\"";
		};
/* End PBXShellScriptBuildPhase section */

/* Begin PBXSourcesBuildPhase section */
		3AE55FA810BC9581006A7F94 /* Sources */ = {
			isa = PBXSourcesBuildPhase;
			buildActionMask = 2147483647;
			files = (
				3AE55FE110BC95A4006A7F94 /* zutil.c in Sources */,
				3AE55FE610BC95A4006A7F94 /* uncompr.c in Sources */,
				3AE55FE810BC95A4006A7F94 /* trees.c in Sources */,
				3AE55FE910BC95A4006A7F94 /* pngwutil.c in Sources */,
				3AE55FEA10BC95A4006A7F94 /* pngwtran.c in Sources */,
				3AE55FEB10BC95A4006A7F94 /* pngwrite.c in Sources */,
				3AE55FEC10BC95A4006A7F94 /* pngwio.c in Sources */,
				3AE55FED10BC95A4006A7F94 /* pngtrans.c in Sources */,
				3AE55FEE10BC95A4006A7F94 /* pngtest.c in Sources */,
				3AE55FEF10BC95A4006A7F94 /* pngset.c in Sources */,
				3AE55FF010BC95A4006A7F94 /* pngrutil.c in Sources */,
				3AE55FF110BC95A4006A7F94 /* pngrtran.c in Sources */,
				3AE55FF210BC95A4006A7F94 /* pngrio.c in Sources */,
				3AE55FF310BC95A4006A7F94 /* pngread.c in Sources */,
				3AE55FF410BC95A4006A7F94 /* pngpread.c in Sources */,
				3AE55FF510BC95A4006A7F94 /* pngmem.c in Sources */,
				3AE55FF610BC95A4006A7F94 /* pngget.c in Sources */,
				3AE55FF710BC95A4006A7F94 /* pngerror.c in Sources */,
				3AE55FFC10BC95A4006A7F94 /* png.c in Sources */,
				3AE55FFE10BC95A4006A7F94 /* inftrees.c in Sources */,
				3AE5600010BC95A4006A7F94 /* inflate.c in Sources */,
				3AE5600310BC95A4006A7F94 /* inffast.c in Sources */,
				3AE5600410BC95A4006A7F94 /* infback.c in Sources */,
				3AE5600510BC95A4006A7F94 /* gzio.c in Sources */,
				3AE5600710BC95A4006A7F94 /* deflate.c in Sources */,
				3AE5600910BC95A4006A7F94 /* crc32.c in Sources */,
				3AE5600A10BC95A4006A7F94 /* compress.c in Sources */,
				3AE5600C10BC95A4006A7F94 /* adler32.c in Sources */,
				3AE5602610BC97BA006A7F94 /* pngcrush-generated.c in Sources */,
			);
			runOnlyForDeploymentPostprocessing = 0;
		};
		8D11072C0486CEB800E47090 /* Sources */ = {
			isa = PBXSourcesBuildPhase;
			buildActionMask = 2147483647;
			files = (
				8D11072D0486CEB800E47090 /* main.m in Sources */,
				3A1504AE10618DDF00263983 /* DPAppDelegate.m in Sources */,
				3A9197CF1065303A002D0F4B /* NSWindow+DPAdditions.m in Sources */,
				3A91991E1065620D002D0F4B /* NSError+DPAdditions.m in Sources */,
				3A91998910657080002D0F4B /* NSTask+DPAdditions.m in Sources */,
				3A919A0410657FF0002D0F4B /* NSString+DPAdditions.m in Sources */,
				3A919AA3106599EE002D0F4B /* SSYLoginItems.m in Sources */,
				3ABE5EAF10B588700085BAC3 /* HTTPPOSTOperation.m in Sources */,
				3A1C74FE10BB0F4500BC6030 /* PFMoveApplication.m in Sources */,
				3A1C755010BB135D00BC6030 /* NSImage+HUAdditions.m in Sources */,
				3A1C755310BB143500BC6030 /* NSBitmapImageRep+HUAdditions.m in Sources */,
				3AE5627110BCB36B006A7F94 /* ASLLogger.m in Sources */,
				3AF2B0C810FE90610052B40E /* MAAttachedWindow.m in Sources */,
				3A90685910FE9D29009B6B2F /* DPPreprocessingWindowController.m in Sources */,
				3ADC9B3210FF537F00EDEE39 /* DPCheckerView.m in Sources */,
				3ADC9F1B1100AC9300EDEE39 /* DPAttachedWindow.m in Sources */,
				14F5B9CC15AD484400368031 /* SCEvent.m in Sources */,
				14F5B9CD15AD484400368031 /* SCEvents.m in Sources */,
			);
			runOnlyForDeploymentPostprocessing = 0;
		};
/* End PBXSourcesBuildPhase section */

/* Begin PBXTargetDependency section */
		3A919A52106586A9002D0F4B /* PBXTargetDependency */ = {
			isa = PBXTargetDependency;
			target = 8D1107260486CEB800E47090 /* Scrup */;
			targetProxy = 3A919A51106586A9002D0F4B /* PBXContainerItemProxy */;
		};
		3AE5603610BC992B006A7F94 /* PBXTargetDependency */ = {
			isa = PBXTargetDependency;
			target = 3AE55FAA10BC9581006A7F94 /* pngcrush */;
			targetProxy = 3AE5603510BC992B006A7F94 /* PBXContainerItemProxy */;
		};
/* End PBXTargetDependency section */

/* Begin PBXVariantGroup section */
		3A1C750410BB0F8400BC6030 /* MoveApplication.strings */ = {
			isa = PBXVariantGroup;
			children = (
				3A1C750510BB0F8400BC6030 /* English */,
			);
			name = MoveApplication.strings;
			path = resources/English.lproj;
			sourceTree = "<group>";
		};
		3A1C750710BB0F8400BC6030 /* MoveApplication.strings */ = {
			isa = PBXVariantGroup;
			children = (
				3A1C750810BB0F8400BC6030 /* French */,
			);
			name = MoveApplication.strings;
			path = resources/French.lproj;
			sourceTree = "<group>";
		};
		3A1C750A10BB0F8400BC6030 /* MoveApplication.strings */ = {
			isa = PBXVariantGroup;
			children = (
				3A1C750B10BB0F8400BC6030 /* Japanese */,
			);
			name = MoveApplication.strings;
			path = resources/Japanese.lproj;
			sourceTree = "<group>";
		};
		3A1C750D10BB0F8400BC6030 /* MoveApplication.strings */ = {
			isa = PBXVariantGroup;
			children = (
				3A1C750E10BB0F8400BC6030 /* Spanish */,
			);
			name = MoveApplication.strings;
			path = resources/Spanish.lproj;
			sourceTree = "<group>";
		};
/* End PBXVariantGroup section */

/* Begin XCBuildConfiguration section */
		3A919A3010658585002D0F4B /* Debug */ = {
			isa = XCBuildConfiguration;
			buildSettings = {
				COPY_PHASE_STRIP = NO;
				GCC_DYNAMIC_NO_PIC = NO;
				GCC_OPTIMIZATION_LEVEL = 0;
				PRODUCT_NAME = Distribution;
			};
			name = Debug;
		};
		3A919A3110658585002D0F4B /* Release */ = {
			isa = XCBuildConfiguration;
			buildSettings = {
				COPY_PHASE_STRIP = YES;
				DEBUG_INFORMATION_FORMAT = "dwarf-with-dsym";
				GCC_ENABLE_FIX_AND_CONTINUE = NO;
				PRODUCT_NAME = Distribution;
				ZERO_LINK = NO;
			};
			name = Release;
		};
		3AE55FAC10BC9582006A7F94 /* Debug */ = {
			isa = XCBuildConfiguration;
			buildSettings = {
				ALWAYS_SEARCH_USER_PATHS = NO;
				ARCHS = "$(NATIVE_ARCH_ACTUAL)";
				COPY_PHASE_STRIP = NO;
				GCC_DYNAMIC_NO_PIC = NO;
				GCC_ENABLE_FIX_AND_CONTINUE = YES;
				GCC_ENABLE_OBJC_GC = supported;
				GCC_MODEL_TUNING = G5;
				GCC_OPTIMIZATION_LEVEL = 0;
				INSTALL_PATH = /usr/local/lib;
				PREBINDING = NO;
				PRODUCT_NAME = pngcrush;
				SDKROOT = macosx10.7;
				VALID_ARCHS = "i386 ppc ppc64 ppc7400 ppc970 x86_64";
			};
			name = Debug;
		};
		3AE55FAD10BC9582006A7F94 /* Release */ = {
			isa = XCBuildConfiguration;
			buildSettings = {
				ALWAYS_SEARCH_USER_PATHS = NO;
				ARCHS = "$(ARCHS_STANDARD_32_64_BIT)";
				COPY_PHASE_STRIP = YES;
				DEBUG_INFORMATION_FORMAT = "dwarf-with-dsym";
				GCC_AUTO_VECTORIZATION = YES;
				GCC_DEBUGGING_SYMBOLS = used;
				GCC_DYNAMIC_NO_PIC = YES;
				GCC_ENABLE_CPP_EXCEPTIONS = NO;
				GCC_ENABLE_FIX_AND_CONTINUE = NO;
				GCC_ENABLE_OBJC_GC = supported;
				GCC_ENABLE_SSE3_EXTENSIONS = YES;
				GCC_ENABLE_SSE41_EXTENSIONS = YES;
				GCC_ENABLE_SSE42_EXTENSIONS = YES;
				GCC_ENABLE_SUPPLEMENTAL_SSE3_INSTRUCTIONS = YES;
				GCC_MODEL_TUNING = G5;
				GCC_OPTIMIZATION_LEVEL = 3;
				GCC_UNROLL_LOOPS = YES;
				INSTALL_PATH = /usr/local/lib;
				PREBINDING = NO;
				PRODUCT_NAME = pngcrush;
				SDKROOT = macosx10.7;
				VALID_ARCHS = "i386 ppc ppc64 ppc7400 ppc970 x86_64";
				ZERO_LINK = NO;
			};
			name = Release;
		};
		C01FCF4B08A954540054247B /* Debug */ = {
			isa = XCBuildConfiguration;
			buildSettings = {
				ALWAYS_SEARCH_USER_PATHS = NO;
				ARCHS = "$(NATIVE_ARCH_ACTUAL)";
				COPY_PHASE_STRIP = NO;
				FRAMEWORK_SEARCH_PATHS = (
					"$(inherited)",
					"\"$(SRCROOT)/frameworks\"",
				);
				GCC_DYNAMIC_NO_PIC = NO;
				GCC_ENABLE_FIX_AND_CONTINUE = YES;
				GCC_ENABLE_OBJC_GC = required;
				GCC_MODEL_TUNING = G5;
				GCC_OPTIMIZATION_LEVEL = 0;
				GCC_PRECOMPILE_PREFIX_HEADER = YES;
				GCC_PREFIX_HEADER = src/prefix.pch;
				GCC_PREPROCESSOR_DEFINITIONS = "DEBUG=1";
				GCC_VERSION = "";
				GCC_WARN_UNUSED_FUNCTION = YES;
				GCC_WARN_UNUSED_LABEL = NO;
				GCC_WARN_UNUSED_VALUE = YES;
				INFOPLIST_FILE = resources/Info.plist;
				INSTALL_PATH = "$(HOME)/Applications";
				MACOSX_DEPLOYMENT_TARGET = 10.6;
				PRODUCT_NAME = Scrup;
				SDKROOT = macosx10.7;
			};
			name = Debug;
		};
		C01FCF4C08A954540054247B /* Release */ = {
			isa = XCBuildConfiguration;
			buildSettings = {
				ALWAYS_SEARCH_USER_PATHS = NO;
				ARCHS = "$(ARCHS_STANDARD_32_64_BIT)";
				FRAMEWORK_SEARCH_PATHS = (
					"$(inherited)",
					"\"$(SRCROOT)/frameworks\"",
				);
				GCC_AUTO_VECTORIZATION = YES;
				GCC_ENABLE_OBJC_GC = required;
				GCC_ENABLE_SSE3_EXTENSIONS = YES;
				GCC_ENABLE_SSE41_EXTENSIONS = YES;
				GCC_ENABLE_SSE42_EXTENSIONS = YES;
				GCC_MODEL_TUNING = G5;
				GCC_PRECOMPILE_PREFIX_HEADER = YES;
				GCC_PREFIX_HEADER = src/prefix.pch;
				GCC_VERSION = "";
				GCC_WARN_UNUSED_FUNCTION = YES;
				GCC_WARN_UNUSED_LABEL = NO;
				GCC_WARN_UNUSED_VALUE = YES;
				INFOPLIST_FILE = resources/Info.plist;
				INSTALL_PATH = "$(HOME)/Applications";
				MACOSX_DEPLOYMENT_TARGET = 10.6;
				PRODUCT_NAME = Scrup;
				SDKROOT = macosx10.7;
			};
			name = Release;
		};
		C01FCF4F08A954540054247B /* Debug */ = {
			isa = XCBuildConfiguration;
			buildSettings = {
				ARCHS = "$(ARCHS_STANDARD_32_BIT)";
				GCC_C_LANGUAGE_STANDARD = c99;
				GCC_OPTIMIZATION_LEVEL = 0;
				GCC_WARN_ABOUT_RETURN_TYPE = YES;
				GCC_WARN_UNUSED_VARIABLE = YES;
				ONLY_ACTIVE_ARCH = YES;
				PREBINDING = NO;
				SDKROOT = macosx10.5;
			};
			name = Debug;
		};
		C01FCF5008A954540054247B /* Release */ = {
			isa = XCBuildConfiguration;
			buildSettings = {
				ARCHS = "$(ARCHS_STANDARD_32_BIT)";
				GCC_C_LANGUAGE_STANDARD = c99;
				GCC_WARN_ABOUT_RETURN_TYPE = YES;
				GCC_WARN_UNUSED_VARIABLE = YES;
				PREBINDING = NO;
				SDKROOT = macosx10.5;
			};
			name = Release;
		};
/* End XCBuildConfiguration section */

/* Begin XCConfigurationList section */
		3A919A46106585A1002D0F4B /* Build configuration list for PBXAggregateTarget "Distribution" */ = {
			isa = XCConfigurationList;
			buildConfigurations = (
				3A919A3010658585002D0F4B /* Debug */,
				3A919A3110658585002D0F4B /* Release */,
			);
			defaultConfigurationIsVisible = 0;
			defaultConfigurationName = Release;
		};
		3AE55FB210BC9588006A7F94 /* Build configuration list for PBXNativeTarget "pngcrush" */ = {
			isa = XCConfigurationList;
			buildConfigurations = (
				3AE55FAC10BC9582006A7F94 /* Debug */,
				3AE55FAD10BC9582006A7F94 /* Release */,
			);
			defaultConfigurationIsVisible = 0;
			defaultConfigurationName = Release;
		};
		C01FCF4A08A954540054247B /* Build configuration list for PBXNativeTarget "Scrup" */ = {
			isa = XCConfigurationList;
			buildConfigurations = (
				C01FCF4B08A954540054247B /* Debug */,
				C01FCF4C08A954540054247B /* Release */,
			);
			defaultConfigurationIsVisible = 0;
			defaultConfigurationName = Release;
		};
		C01FCF4E08A954540054247B /* Build configuration list for PBXProject "scrup" */ = {
			isa = XCConfigurationList;
			buildConfigurations = (
				C01FCF4F08A954540054247B /* Debug */,
				C01FCF5008A954540054247B /* Release */,
			);
			defaultConfigurationIsVisible = 0;
			defaultConfigurationName = Release;
		};
/* End XCConfigurationList section */
	};
	rootObject = 29B97313FDCFA39411CA2CEA /* Project object */;
}
